<?xml version="1.0" encoding="utf-8"?>
<Project ToolsVersion="4.0" xmlns="http://schemas.microsoft.com/developer/msbuild/2003">
  <ItemGroup>
    <Filter Include="Systems">
      <UniqueIdentifier>{24061b16-4be3-4cb8-9613-222f8a0936d2}</UniqueIdentifier>
    </Filter>
    <Filter Include="Managers">
      <UniqueIdentifier>{b8ce51e3-90bb-41da-be35-cef5e6b0fcd3}</UniqueIdentifier>
    </Filter>
    <Filter Include="Components">
      <UniqueIdentifier>{fb3aefae-c8b3-45ba-a35c-05a1427bf28d}</UniqueIdentifier>
    </Filter>
    <Filter Include="Entities">
      <UniqueIdentifier>{e9e21dd5-28b0-442b-a04b-67fd638a2d63}</UniqueIdentifier>
    </Filter>
    <Filter Include="Utlity">
      <UniqueIdentifier>{4FC737F1-C7A5-4376-A066-2A32D752A2FF}</UniqueIdentifier>
      <Extensions>cpp;c;cc;cxx;def;odl;idl;hpj;bat;asm;asmx</Extensions>
    </Filter>
  </ItemGroup>
  <ItemGroup>
    <ClInclude Include="targetver.h">
      <Filter>Utlity</Filter>
    </ClInclude>
    <ClInclude Include="IComponent.h">
      <Filter>Components</Filter>
    </ClInclude>
    <ClInclude Include="Entity.h">
      <Filter>Entities</Filter>
    </ClInclude>
    <ClInclude Include="ISystem.h">
      <Filter>Systems</Filter>
    </ClInclude>
  </ItemGroup>
  <ItemGroup>
    <ClCompile Include="Main.cpp" />
    <ClCompile Include="ISystem.cpp">
      <Filter>Systems</Filter>
    </ClCompile>
    <ClCompile Include="Entity.cpp">
      <Filter>Entities</Filter>
    </ClCompile>
    <ClCompile Include="IComponent.cpp">
      <Filter>Components</Filter>
    </ClCompile>
  </ItemGroup>
</Project>